
Microsoft Visual Studio Solution File, Format Version 12.00
# Visual Studio Version 16
VisualStudioVersion = 16.0.31424.327
MinimumVisualStudioVersion = 10.0.40219.1
Project("{9A19103F-16F7-4668-BE54-9A1E7A4F7556}") = "VelislavAngelovCV", "VelislavAngelovCV\VelislavAngelovCV.csproj", "{747FEF76-FB9F-421D-A96C-88F05B322EBC}"
EndProject
Global
	GlobalSection(SolutionConfigurationPlatforms) = preSolution
		Debug|Any CPU = Debug|Any CPU
		Release|Any CPU = Release|Any CPU
	EndGlobalSection
	GlobalSection(ProjectConfigurationPlatforms) = postSolution
		{747FEF76-FB9F-421D-A96C-88F05B322EBC}.Debug|Any CPU.ActiveCfg = Debug|Any CPU
		{747FEF76-FB9F-421D-A96C-88F05B322EBC}.Debug|Any CPU.Build.0 = Debug|Any CPU
		{747FEF76-FB9F-421D-A96C-88F05B322EBC}.Release|Any CPU.ActiveCfg = Release|Any CPU
		{747FEF76-FB9F-421D-A96C-88F05B322EBC}.Release|Any CPU.Build.0 = Release|Any CPU
	EndGlobalSection
	GlobalSection(SolutionProperties) = preSolution
		HideSolutionNode = FALSE
	EndGlobalSection
	GlobalSection(ExtensibilityGlobals) = postSolution
		SolutionGuid = {6D02BBBD-3110-4BED-889C-04EE8EDAD2A5}
	EndGlobalSection
EndGlobal
